
Microsoft Visual Studio Solution File, Format Version 12.00
# Visual Studio 14
VisualStudioVersion = 14.0.22609.0
MinimumVisualStudioVersion = 10.0.40219.1
Project("{FAE04EC0-301F-11D3-BF4B-00C04F79EFBC}") = "Sharpserver", "src\Sharpserver.csproj", "{C5B0068F-5C6A-4C0A-9F3D-A41A1E0F3629}"
EndProject
Project("{FAE04EC0-301F-11D3-BF4B-00C04F79EFBC}") = "Example", "src\Example\Example.csproj", "{A290A188-ACE1-4831-8B0C-09CDF577973E}"
EndProject
Global
	GlobalSection(SolutionConfigurationPlatforms) = preSolution
		Debug|Any CPU = Debug|Any CPU
		Debug|x86 = Debug|x86
		Release|Any CPU = Release|Any CPU
		Release|x86 = Release|x86
	EndGlobalSection
	GlobalSection(ProjectConfigurationPlatforms) = postSolution
		{C5B0068F-5C6A-4C0A-9F3D-A41A1E0F3629}.Debug|Any CPU.ActiveCfg = Debug|Any CPU
		{C5B0068F-5C6A-4C0A-9F3D-A41A1E0F3629}.Debug|Any CPU.Build.0 = Debug|Any CPU
		{C5B0068F-5C6A-4C0A-9F3D-A41A1E0F3629}.Debug|x86.ActiveCfg = Debug|Any CPU
		{C5B0068F-5C6A-4C0A-9F3D-A41A1E0F3629}.Debug|x86.Build.0 = Debug|Any CPU
		{C5B0068F-5C6A-4C0A-9F3D-A41A1E0F3629}.Release|Any CPU.ActiveCfg = Release|Any CPU
		{C5B0068F-5C6A-4C0A-9F3D-A41A1E0F3629}.Release|Any CPU.Build.0 = Release|Any CPU
		{C5B0068F-5C6A-4C0A-9F3D-A41A1E0F3629}.Release|x86.ActiveCfg = Release|Any CPU
		{C5B0068F-5C6A-4C0A-9F3D-A41A1E0F3629}.Release|x86.Build.0 = Release|Any CPU
		{A290A188-ACE1-4831-8B0C-09CDF577973E}.Debug|Any CPU.ActiveCfg = Debug|x86
		{A290A188-ACE1-4831-8B0C-09CDF577973E}.Debug|x86.ActiveCfg = Debug|x86
		{A290A188-ACE1-4831-8B0C-09CDF577973E}.Debug|x86.Build.0 = Debug|x86
		{A290A188-ACE1-4831-8B0C-09CDF577973E}.Release|Any CPU.ActiveCfg = Release|x86
		{A290A188-ACE1-4831-8B0C-09CDF577973E}.Release|x86.ActiveCfg = Release|x86
		{A290A188-ACE1-4831-8B0C-09CDF577973E}.Release|x86.Build.0 = Release|x86
	EndGlobalSection
	GlobalSection(SolutionProperties) = preSolution
		HideSolutionNode = FALSE
	EndGlobalSection
EndGlobal
